
Microsoft Visual Studio Solution File, Format Version 12.00
# Visual Studio Version 17
VisualStudioVersion = 17.0.31903.59
MinimumVisualStudioVersion = 10.0.40219.1
Project("{FAE04EC0-301F-11D3-BF4B-00C04F79EFBC}") = "SAGIDE.Core", "SAGIDE.Core\SAGIDE.Core.csproj", "{270F0A91-4083-44C0-96AD-456ED3561583}"
EndProject
Project("{FAE04EC0-301F-11D3-BF4B-00C04F79EFBC}") = "SAGIDE.Service", "SAGIDE.Service\SAGIDE.Service.csproj", "{A8388218-2E7E-4B16-B2E6-0F48AC58B536}"
EndProject
Project("{FAE04EC0-301F-11D3-BF4B-00C04F79EFBC}") = "SAGIDE.Service.Tests", "..\tests\SAGIDE.Service.Tests\SAGIDE.Service.Tests.csproj", "{1A947AF7-FEF4-45A9-B4F1-10DD54BEFDC8}"
EndProject
Project("{FAE04EC0-301F-11D3-BF4B-00C04F79EFBC}") = "SAGIDE.Contracts", "SAGIDE.Contracts\SAGIDE.Contracts.csproj", "{B3C7F8E1-5D2A-4E8F-9A1B-6C3D4E5F7A8B}"
EndProject
Project("{FAE04EC0-301F-11D3-BF4B-00C04F79EFBC}") = "SAGIDE.Observability", "SAGIDE.Observability\SAGIDE.Observability.csproj", "{56A9E06F-2EDB-4530-B553-806B2CAA8843}"
EndProject
Project("{FAE04EC0-301F-11D3-BF4B-00C04F79EFBC}") = "SAGIDE.ModelRouter", "SAGIDE.ModelRouter\SAGIDE.ModelRouter.csproj", "{89E139A7-1856-4AB0-AB35-DE09D516C571}"
EndProject
Project("{FAE04EC0-301F-11D3-BF4B-00C04F79EFBC}") = "SAGIDE.Security", "SAGIDE.Security\SAGIDE.Security.csproj", "{2CC71068-2491-4DE2-8BCA-0062B2B0CC95}"
EndProject
Project("{FAE04EC0-301F-11D3-BF4B-00C04F79EFBC}") = "SAGIDE.Tools", "SAGIDE.Tools\SAGIDE.Tools.csproj", "{15B5DA24-9026-4478-BF9E-25CDF481A8B9}"
EndProject
Project("{FAE04EC0-301F-11D3-BF4B-00C04F79EFBC}") = "SAGIDE.Workflows", "SAGIDE.Workflows\SAGIDE.Workflows.csproj", "{772EA285-21DC-4E68-9170-E597BC04CB37}"
EndProject
Project("{FAE04EC0-301F-11D3-BF4B-00C04F79EFBC}") = "SAGIDE.Memory", "SAGIDE.Memory\SAGIDE.Memory.csproj", "{70821E0C-864E-4EB4-A9CC-ED5BFDD21C00}"
EndProject
Global
	GlobalSection(SolutionConfigurationPlatforms) = preSolution
		Debug|Any CPU = Debug|Any CPU
		Release|Any CPU = Release|Any CPU
	EndGlobalSection
	GlobalSection(SolutionProperties) = preSolution
		HideSolutionNode = FALSE
	EndGlobalSection
	GlobalSection(ProjectConfigurationPlatforms) = postSolution
		{270F0A91-4083-44C0-96AD-456ED3561583}.Debug|Any CPU.ActiveCfg = Debug|Any CPU
		{270F0A91-4083-44C0-96AD-456ED3561583}.Debug|Any CPU.Build.0 = Debug|Any CPU
		{270F0A91-4083-44C0-96AD-456ED3561583}.Release|Any CPU.ActiveCfg = Release|Any CPU
		{270F0A91-4083-44C0-96AD-456ED3561583}.Release|Any CPU.Build.0 = Release|Any CPU
		{A8388218-2E7E-4B16-B2E6-0F48AC58B536}.Debug|Any CPU.ActiveCfg = Debug|Any CPU
		{A8388218-2E7E-4B16-B2E6-0F48AC58B536}.Debug|Any CPU.Build.0 = Debug|Any CPU
		{A8388218-2E7E-4B16-B2E6-0F48AC58B536}.Release|Any CPU.ActiveCfg = Release|Any CPU
		{A8388218-2E7E-4B16-B2E6-0F48AC58B536}.Release|Any CPU.Build.0 = Release|Any CPU
		{1A947AF7-FEF4-45A9-B4F1-10DD54BEFDC8}.Debug|Any CPU.ActiveCfg = Debug|Any CPU
		{1A947AF7-FEF4-45A9-B4F1-10DD54BEFDC8}.Debug|Any CPU.Build.0 = Debug|Any CPU
		{1A947AF7-FEF4-45A9-B4F1-10DD54BEFDC8}.Release|Any CPU.ActiveCfg = Release|Any CPU
		{1A947AF7-FEF4-45A9-B4F1-10DD54BEFDC8}.Release|Any CPU.Build.0 = Release|Any CPU
		{B3C7F8E1-5D2A-4E8F-9A1B-6C3D4E5F7A8B}.Debug|Any CPU.ActiveCfg = Debug|Any CPU
		{B3C7F8E1-5D2A-4E8F-9A1B-6C3D4E5F7A8B}.Debug|Any CPU.Build.0 = Debug|Any CPU
		{B3C7F8E1-5D2A-4E8F-9A1B-6C3D4E5F7A8B}.Release|Any CPU.ActiveCfg = Release|Any CPU
		{B3C7F8E1-5D2A-4E8F-9A1B-6C3D4E5F7A8B}.Release|Any CPU.Build.0 = Release|Any CPU
		{56A9E06F-2EDB-4530-B553-806B2CAA8843}.Debug|Any CPU.ActiveCfg = Debug|Any CPU
		{56A9E06F-2EDB-4530-B553-806B2CAA8843}.Debug|Any CPU.Build.0 = Debug|Any CPU
		{56A9E06F-2EDB-4530-B553-806B2CAA8843}.Release|Any CPU.ActiveCfg = Release|Any CPU
		{56A9E06F-2EDB-4530-B553-806B2CAA8843}.Release|Any CPU.Build.0 = Release|Any CPU
		{89E139A7-1856-4AB0-AB35-DE09D516C571}.Debug|Any CPU.ActiveCfg = Debug|Any CPU
		{89E139A7-1856-4AB0-AB35-DE09D516C571}.Debug|Any CPU.Build.0 = Debug|Any CPU
		{89E139A7-1856-4AB0-AB35-DE09D516C571}.Release|Any CPU.ActiveCfg = Release|Any CPU
		{89E139A7-1856-4AB0-AB35-DE09D516C571}.Release|Any CPU.Build.0 = Release|Any CPU
		{2CC71068-2491-4DE2-8BCA-0062B2B0CC95}.Debug|Any CPU.ActiveCfg = Debug|Any CPU
		{2CC71068-2491-4DE2-8BCA-0062B2B0CC95}.Debug|Any CPU.Build.0 = Debug|Any CPU
		{2CC71068-2491-4DE2-8BCA-0062B2B0CC95}.Release|Any CPU.ActiveCfg = Release|Any CPU
		{2CC71068-2491-4DE2-8BCA-0062B2B0CC95}.Release|Any CPU.Build.0 = Release|Any CPU
		{15B5DA24-9026-4478-BF9E-25CDF481A8B9}.Debug|Any CPU.ActiveCfg = Debug|Any CPU
		{15B5DA24-9026-4478-BF9E-25CDF481A8B9}.Debug|Any CPU.Build.0 = Debug|Any CPU
		{15B5DA24-9026-4478-BF9E-25CDF481A8B9}.Release|Any CPU.ActiveCfg = Release|Any CPU
		{15B5DA24-9026-4478-BF9E-25CDF481A8B9}.Release|Any CPU.Build.0 = Release|Any CPU
		{772EA285-21DC-4E68-9170-E597BC04CB37}.Debug|Any CPU.ActiveCfg = Debug|Any CPU
		{772EA285-21DC-4E68-9170-E597BC04CB37}.Debug|Any CPU.Build.0 = Debug|Any CPU
		{772EA285-21DC-4E68-9170-E597BC04CB37}.Release|Any CPU.ActiveCfg = Release|Any CPU
		{772EA285-21DC-4E68-9170-E597BC04CB37}.Release|Any CPU.Build.0 = Release|Any CPU
		{70821E0C-864E-4EB4-A9CC-ED5BFDD21C00}.Debug|Any CPU.ActiveCfg = Debug|Any CPU
		{70821E0C-864E-4EB4-A9CC-ED5BFDD21C00}.Debug|Any CPU.Build.0 = Debug|Any CPU
		{70821E0C-864E-4EB4-A9CC-ED5BFDD21C00}.Release|Any CPU.ActiveCfg = Release|Any CPU
		{70821E0C-864E-4EB4-A9CC-ED5BFDD21C00}.Release|Any CPU.Build.0 = Release|Any CPU
	EndGlobalSection
EndGlobal
